// !$*UTF8*$!
{
	archiveVersion = 1;
	classes = {
	};
	objectVersion = 52;
	objects = {

/* Begin PBXBuildFile section */
		C29AA5AF1EB4C5C0FEE2AF87 /* Pods_Budget.framework in Frameworks */ = {isa = PBXBuildFile; fileRef = 2D44361EBE264FE453C453BA /* Pods_Budget.framework */; };
		E30420B525E6B8C800ED0C65 /* CustomDatePickerView.swift in Sources */ = {isa = PBXBuildFile; fileRef = E30420B425E6B8C800ED0C65 /* CustomDatePickerView.swift */; };
		E31D496925DD3BAF00A51358 /* SavingsView.swift in Sources */ = {isa = PBXBuildFile; fileRef = E31D496825DD3BAF00A51358 /* SavingsView.swift */; };
		E31D496E25DD3C7A00A51358 /* FundCardView.swift in Sources */ = {isa = PBXBuildFile; fileRef = E31D496D25DD3C7A00A51358 /* FundCardView.swift */; };
		E31F918A25DD5AC500A9C383 /* FundViewAction.swift in Sources */ = {isa = PBXBuildFile; fileRef = E31F918925DD5AC500A9C383 /* FundViewAction.swift */; };
		E320472E256CFE1000646F0C /* GoogleService-Info.plist in Resources */ = {isa = PBXBuildFile; fileRef = E320472D256CFE1000646F0C /* GoogleService-Info.plist */; };
		E325B3F725F7C7CA0002D43D /* OverviewView.swift in Sources */ = {isa = PBXBuildFile; fileRef = E325B3F625F7C7CA0002D43D /* OverviewView.swift */; };
		E32EF6B1256CF0D9007138B6 /* BudgetApp.swift in Sources */ = {isa = PBXBuildFile; fileRef = E32EF6B0256CF0D9007138B6 /* BudgetApp.swift */; };
		E32EF6B8256CF0DD007138B6 /* Preview Assets.xcassets in Resources */ = {isa = PBXBuildFile; fileRef = E32EF6B7256CF0DD007138B6 /* Preview Assets.xcassets */; };
		E32EF6C3256CF0DE007138B6 /* ResetTests.swift in Sources */ = {isa = PBXBuildFile; fileRef = E32EF6C2256CF0DE007138B6 /* ResetTests.swift */; };
		E32EF6CE256CF0DE007138B6 /* BudgetUITests.swift in Sources */ = {isa = PBXBuildFile; fileRef = E32EF6CD256CF0DE007138B6 /* BudgetUITests.swift */; };
		E32EF6F2256CF22A007138B6 /* Transaction.swift in Sources */ = {isa = PBXBuildFile; fileRef = E32EF6E1256CF22A007138B6 /* Transaction.swift */; };
		E32EF6F4256CF22A007138B6 /* TransactionCardView.swift in Sources */ = {isa = PBXBuildFile; fileRef = E32EF6E4256CF22A007138B6 /* TransactionCardView.swift */; };
		E32EF6F5256CF22A007138B6 /* TransactionView.swift in Sources */ = {isa = PBXBuildFile; fileRef = E32EF6E5256CF22A007138B6 /* TransactionView.swift */; };
		E32EF6F6256CF22A007138B6 /* TransactionListView.swift in Sources */ = {isa = PBXBuildFile; fileRef = E32EF6E6256CF22A007138B6 /* TransactionListView.swift */; };
		E32EF6F7256CF22A007138B6 /* ContentView.swift in Sources */ = {isa = PBXBuildFile; fileRef = E32EF6E7256CF22A007138B6 /* ContentView.swift */; };
		E32EF6F8256CF22A007138B6 /* ObservableRealmCollection.swift in Sources */ = {isa = PBXBuildFile; fileRef = E32EF6E9256CF22A007138B6 /* ObservableRealmCollection.swift */; };
		E32EF6F9256CF22A007138B6 /* Extensions.swift in Sources */ = {isa = PBXBuildFile; fileRef = E32EF6EA256CF22A007138B6 /* Extensions.swift */; };
		E32EF6FA256CF22A007138B6 /* SettingsView.swift in Sources */ = {isa = PBXBuildFile; fileRef = E32EF6EC256CF22A007138B6 /* SettingsView.swift */; };
		E32EF6FB256CF22A007138B6 /* BudgetsView.swift in Sources */ = {isa = PBXBuildFile; fileRef = E32EF6ED256CF22A007138B6 /* BudgetsView.swift */; };
		E32EF708256CF26A007138B6 /* Assets.xcassets in Resources */ = {isa = PBXBuildFile; fileRef = E32EF707256CF26A007138B6 /* Assets.xcassets */; };
		E35B5C5425DC1FAF00E7EBAC /* Fund.swift in Sources */ = {isa = PBXBuildFile; fileRef = E35B5C5325DC1FAF00E7EBAC /* Fund.swift */; };
		E36FF9E32653F27800E45AED /* Realm in Frameworks */ = {isa = PBXBuildFile; productRef = E36FF9E22653F27800E45AED /* Realm */; };
		E36FF9E52653F27800E45AED /* RealmSwift in Frameworks */ = {isa = PBXBuildFile; productRef = E36FF9E42653F27800E45AED /* RealmSwift */; };
		E372878E25A4DFFE007AA92F /* TransactionFilter.swift in Sources */ = {isa = PBXBuildFile; fileRef = E372878D25A4DFFE007AA92F /* TransactionFilter.swift */; };
		E383AF0825DEFAD70051C78F /* AddFundView.swift in Sources */ = {isa = PBXBuildFile; fileRef = E383AF0725DEFAD70051C78F /* AddFundView.swift */; };
		E384C79D2652ACA80085C9AE /* TransactionTests.swift in Sources */ = {isa = PBXBuildFile; fileRef = E384C79C2652ACA80085C9AE /* TransactionTests.swift */; };
		E397D7902570E514009222D1 /* LoginView.swift in Sources */ = {isa = PBXBuildFile; fileRef = E397D78F2570E514009222D1 /* LoginView.swift */; };
		E397D79D2570E579009222D1 /* TextFieldModifier.swift in Sources */ = {isa = PBXBuildFile; fileRef = E397D79C2570E579009222D1 /* TextFieldModifier.swift */; };
		E3A5BC0C25FFE1040033FE69 /* TagCloudView.swift in Sources */ = {isa = PBXBuildFile; fileRef = E3A5BC0B25FFE1030033FE69 /* TagCloudView.swift */; };
		E3B75D2625E99ED3009D98A6 /* GeneralLibrary.swift in Sources */ = {isa = PBXBuildFile; fileRef = E3B75D2525E99ED3009D98A6 /* GeneralLibrary.swift */; };
		E3BEB61525E0253700B36012 /* PickerOptionsView.swift in Sources */ = {isa = PBXBuildFile; fileRef = E3BEB61425E0253700B36012 /* PickerOptionsView.swift */; };
		E3BEB61D25E0F94B00B36012 /* EditFundView.swift in Sources */ = {isa = PBXBuildFile; fileRef = E3BEB61C25E0F94B00B36012 /* EditFundView.swift */; };
		E3C1635425E553AD000D2BA5 /* Budget.swift in Sources */ = {isa = PBXBuildFile; fileRef = E3C1635325E553AD000D2BA5 /* Budget.swift */; };
		E3C1635A25E56503000D2BA5 /* BudgetView.swift in Sources */ = {isa = PBXBuildFile; fileRef = E3C1635925E56503000D2BA5 /* BudgetView.swift */; };
		E3D26D7F25E56DB600F560E5 /* BudgetCardView.swift in Sources */ = {isa = PBXBuildFile; fileRef = E3D26D7E25E56DB600F560E5 /* BudgetCardView.swift */; };
		E3FE886E25A237DF00CC3856 /* TransactionFilterView.swift in Sources */ = {isa = PBXBuildFile; fileRef = E3FE886D25A237DE00CC3856 /* TransactionFilterView.swift */; };
/* End PBXBuildFile section */

/* Begin PBXContainerItemProxy section */
		E32EF6BF256CF0DE007138B6 /* PBXContainerItemProxy */ = {
			isa = PBXContainerItemProxy;
			containerPortal = E32EF6A5256CF0D9007138B6 /* Project object */;
			proxyType = 1;
			remoteGlobalIDString = E32EF6AC256CF0D9007138B6;
			remoteInfo = Budget;
		};
		E32EF6CA256CF0DE007138B6 /* PBXContainerItemProxy */ = {
			isa = PBXContainerItemProxy;
			containerPortal = E32EF6A5256CF0D9007138B6 /* Project object */;
			proxyType = 1;
			remoteGlobalIDString = E32EF6AC256CF0D9007138B6;
			remoteInfo = Budget;
		};
/* End PBXContainerItemProxy section */

/* Begin PBXFileReference section */
		2D44361EBE264FE453C453BA /* Pods_Budget.framework */ = {isa = PBXFileReference; explicitFileType = wrapper.framework; includeInIndex = 0; path = Pods_Budget.framework; sourceTree = BUILT_PRODUCTS_DIR; };
		566E698332B29FD00777A59A /* Pods-Budget.debug.xcconfig */ = {isa = PBXFileReference; includeInIndex = 1; lastKnownFileType = text.xcconfig; name = "Pods-Budget.debug.xcconfig"; path = "Target Support Files/Pods-Budget/Pods-Budget.debug.xcconfig"; sourceTree = "<group>"; };
		C11F18C48C8D3C841259FE5F /* Pods-Budget.release.xcconfig */ = {isa = PBXFileReference; includeInIndex = 1; lastKnownFileType = text.xcconfig; name = "Pods-Budget.release.xcconfig"; path = "Target Support Files/Pods-Budget/Pods-Budget.release.xcconfig"; sourceTree = "<group>"; };
		E30420B425E6B8C800ED0C65 /* CustomDatePickerView.swift */ = {isa = PBXFileReference; lastKnownFileType = sourcecode.swift; path = CustomDatePickerView.swift; sourceTree = "<group>"; };
		E31D496825DD3BAF00A51358 /* SavingsView.swift */ = {isa = PBXFileReference; lastKnownFileType = sourcecode.swift; path = SavingsView.swift; sourceTree = "<group>"; };
		E31D496D25DD3C7A00A51358 /* FundCardView.swift */ = {isa = PBXFileReference; lastKnownFileType = sourcecode.swift; path = FundCardView.swift; sourceTree = "<group>"; };
		E31F918925DD5AC500A9C383 /* FundViewAction.swift */ = {isa = PBXFileReference; lastKnownFileType = sourcecode.swift; path = FundViewAction.swift; sourceTree = "<group>"; };
		E320472D256CFE1000646F0C /* GoogleService-Info.plist */ = {isa = PBXFileReference; fileEncoding = 4; lastKnownFileType = text.plist.xml; path = "GoogleService-Info.plist"; sourceTree = "<group>"; };
		E325B3F625F7C7CA0002D43D /* OverviewView.swift */ = {isa = PBXFileReference; lastKnownFileType = sourcecode.swift; path = OverviewView.swift; sourceTree = "<group>"; };
		E32EF6AD256CF0D9007138B6 /* Budget.app */ = {isa = PBXFileReference; explicitFileType = wrapper.application; includeInIndex = 0; path = Budget.app; sourceTree = BUILT_PRODUCTS_DIR; };
		E32EF6B0256CF0D9007138B6 /* BudgetApp.swift */ = {isa = PBXFileReference; lastKnownFileType = sourcecode.swift; path = BudgetApp.swift; sourceTree = "<group>"; };
		E32EF6B7256CF0DD007138B6 /* Preview Assets.xcassets */ = {isa = PBXFileReference; lastKnownFileType = folder.assetcatalog; path = "Preview Assets.xcassets"; sourceTree = "<group>"; };
		E32EF6B9256CF0DD007138B6 /* Info.plist */ = {isa = PBXFileReference; lastKnownFileType = text.plist.xml; path = Info.plist; sourceTree = "<group>"; };
		E32EF6BE256CF0DE007138B6 /* BudgetTests.xctest */ = {isa = PBXFileReference; explicitFileType = wrapper.cfbundle; includeInIndex = 0; path = BudgetTests.xctest; sourceTree = BUILT_PRODUCTS_DIR; };
		E32EF6C2256CF0DE007138B6 /* ResetTests.swift */ = {isa = PBXFileReference; lastKnownFileType = sourcecode.swift; path = ResetTests.swift; sourceTree = "<group>"; };
		E32EF6C4256CF0DE007138B6 /* Info.plist */ = {isa = PBXFileReference; lastKnownFileType = text.plist.xml; path = Info.plist; sourceTree = "<group>"; };
		E32EF6C9256CF0DE007138B6 /* BudgetUITests.xctest */ = {isa = PBXFileReference; explicitFileType = wrapper.cfbundle; includeInIndex = 0; path = BudgetUITests.xctest; sourceTree = BUILT_PRODUCTS_DIR; };
		E32EF6CD256CF0DE007138B6 /* BudgetUITests.swift */ = {isa = PBXFileReference; lastKnownFileType = sourcecode.swift; path = BudgetUITests.swift; sourceTree = "<group>"; };
		E32EF6CF256CF0DE007138B6 /* Info.plist */ = {isa = PBXFileReference; lastKnownFileType = text.plist.xml; path = Info.plist; sourceTree = "<group>"; };
		E32EF6E1256CF22A007138B6 /* Transaction.swift */ = {isa = PBXFileReference; fileEncoding = 4; lastKnownFileType = sourcecode.swift; path = Transaction.swift; sourceTree = "<group>"; };
		E32EF6E4256CF22A007138B6 /* TransactionCardView.swift */ = {isa = PBXFileReference; fileEncoding = 4; lastKnownFileType = sourcecode.swift; path = TransactionCardView.swift; sourceTree = "<group>"; };
		E32EF6E5256CF22A007138B6 /* TransactionView.swift */ = {isa = PBXFileReference; fileEncoding = 4; lastKnownFileType = sourcecode.swift; path = TransactionView.swift; sourceTree = "<group>"; };
		E32EF6E6256CF22A007138B6 /* TransactionListView.swift */ = {isa = PBXFileReference; fileEncoding = 4; lastKnownFileType = sourcecode.swift; path = TransactionListView.swift; sourceTree = "<group>"; };
		E32EF6E7256CF22A007138B6 /* ContentView.swift */ = {isa = PBXFileReference; fileEncoding = 4; lastKnownFileType = sourcecode.swift; path = ContentView.swift; sourceTree = "<group>"; };
		E32EF6E9256CF22A007138B6 /* ObservableRealmCollection.swift */ = {isa = PBXFileReference; fileEncoding = 4; lastKnownFileType = sourcecode.swift; path = ObservableRealmCollection.swift; sourceTree = "<group>"; };
		E32EF6EA256CF22A007138B6 /* Extensions.swift */ = {isa = PBXFileReference; fileEncoding = 4; lastKnownFileType = sourcecode.swift; path = Extensions.swift; sourceTree = "<group>"; };
		E32EF6EC256CF22A007138B6 /* SettingsView.swift */ = {isa = PBXFileReference; fileEncoding = 4; lastKnownFileType = sourcecode.swift; path = SettingsView.swift; sourceTree = "<group>"; };
		E32EF6ED256CF22A007138B6 /* BudgetsView.swift */ = {isa = PBXFileReference; fileEncoding = 4; lastKnownFileType = sourcecode.swift; path = BudgetsView.swift; sourceTree = "<group>"; };
		E32EF707256CF26A007138B6 /* Assets.xcassets */ = {isa = PBXFileReference; lastKnownFileType = folder.assetcatalog; path = Assets.xcassets; sourceTree = "<group>"; };
		E35B5C5325DC1FAF00E7EBAC /* Fund.swift */ = {isa = PBXFileReference; lastKnownFileType = sourcecode.swift; path = Fund.swift; sourceTree = "<group>"; };
		E372878D25A4DFFE007AA92F /* TransactionFilter.swift */ = {isa = PBXFileReference; lastKnownFileType = sourcecode.swift; path = TransactionFilter.swift; sourceTree = "<group>"; };
		E383AF0725DEFAD70051C78F /* AddFundView.swift */ = {isa = PBXFileReference; lastKnownFileType = sourcecode.swift; path = AddFundView.swift; sourceTree = "<group>"; };
		E384C79C2652ACA80085C9AE /* TransactionTests.swift */ = {isa = PBXFileReference; lastKnownFileType = sourcecode.swift; path = TransactionTests.swift; sourceTree = "<group>"; };
		E397D78F2570E514009222D1 /* LoginView.swift */ = {isa = PBXFileReference; lastKnownFileType = sourcecode.swift; path = LoginView.swift; sourceTree = "<group>"; };
		E397D79C2570E579009222D1 /* TextFieldModifier.swift */ = {isa = PBXFileReference; lastKnownFileType = sourcecode.swift; path = TextFieldModifier.swift; sourceTree = "<group>"; };
		E3A5BC0B25FFE1030033FE69 /* TagCloudView.swift */ = {isa = PBXFileReference; lastKnownFileType = sourcecode.swift; path = TagCloudView.swift; sourceTree = "<group>"; };
		E3B75D2525E99ED3009D98A6 /* GeneralLibrary.swift */ = {isa = PBXFileReference; lastKnownFileType = sourcecode.swift; path = GeneralLibrary.swift; sourceTree = "<group>"; };
		E3BEB61425E0253700B36012 /* PickerOptionsView.swift */ = {isa = PBXFileReference; lastKnownFileType = sourcecode.swift; path = PickerOptionsView.swift; sourceTree = "<group>"; };
		E3BEB61C25E0F94B00B36012 /* EditFundView.swift */ = {isa = PBXFileReference; lastKnownFileType = sourcecode.swift; path = EditFundView.swift; sourceTree = "<group>"; };
		E3C1635325E553AD000D2BA5 /* Budget.swift */ = {isa = PBXFileReference; lastKnownFileType = sourcecode.swift; path = Budget.swift; sourceTree = "<group>"; };
		E3C1635925E56503000D2BA5 /* BudgetView.swift */ = {isa = PBXFileReference; lastKnownFileType = sourcecode.swift; path = BudgetView.swift; sourceTree = "<group>"; };
		E3D26D7E25E56DB600F560E5 /* BudgetCardView.swift */ = {isa = PBXFileReference; lastKnownFileType = sourcecode.swift; path = BudgetCardView.swift; sourceTree = "<group>"; };
		E3FE886D25A237DE00CC3856 /* TransactionFilterView.swift */ = {isa = PBXFileReference; lastKnownFileType = sourcecode.swift; path = TransactionFilterView.swift; sourceTree = "<group>"; };
/* End PBXFileReference section */

/* Begin PBXFrameworksBuildPhase section */
		E32EF6AA256CF0D9007138B6 /* Frameworks */ = {
			isa = PBXFrameworksBuildPhase;
			buildActionMask = 2147483647;
			files = (
				E36FF9E52653F27800E45AED /* RealmSwift in Frameworks */,
				E36FF9E32653F27800E45AED /* Realm in Frameworks */,
				C29AA5AF1EB4C5C0FEE2AF87 /* Pods_Budget.framework in Frameworks */,
			);
			runOnlyForDeploymentPostprocessing = 0;
		};
		E32EF6BB256CF0DE007138B6 /* Frameworks */ = {
			isa = PBXFrameworksBuildPhase;
			buildActionMask = 2147483647;
			files = (
			);
			runOnlyForDeploymentPostprocessing = 0;
		};
		E32EF6C6256CF0DE007138B6 /* Frameworks */ = {
			isa = PBXFrameworksBuildPhase;
			buildActionMask = 2147483647;
			files = (
			);
			runOnlyForDeploymentPostprocessing = 0;
		};
/* End PBXFrameworksBuildPhase section */

/* Begin PBXGroup section */
		4F9B445AAA609C9F6C1FF605 /* Pods */ = {
			isa = PBXGroup;
			children = (
				566E698332B29FD00777A59A /* Pods-Budget.debug.xcconfig */,
				C11F18C48C8D3C841259FE5F /* Pods-Budget.release.xcconfig */,
			);
			path = Pods;
			sourceTree = "<group>";
		};
		C32D7BA8B64936E66C95DCF3 /* Frameworks */ = {
			isa = PBXGroup;
			children = (
				2D44361EBE264FE453C453BA /* Pods_Budget.framework */,
			);
			name = Frameworks;
			sourceTree = "<group>";
		};
		E30DCB9D25F68BEC008E15B1 /* Settings */ = {
			isa = PBXGroup;
			children = (
				E32EF6EC256CF22A007138B6 /* SettingsView.swift */,
			);
			path = Settings;
			sourceTree = "<group>";
		};
		E31F918825DD5A8800A9C383 /* Views */ = {
			isa = PBXGroup;
			children = (
				E31D496825DD3BAF00A51358 /* SavingsView.swift */,
				E31D496D25DD3C7A00A51358 /* FundCardView.swift */,
				E31F918925DD5AC500A9C383 /* FundViewAction.swift */,
				E383AF0725DEFAD70051C78F /* AddFundView.swift */,
				E3BEB61C25E0F94B00B36012 /* EditFundView.swift */,
			);
			path = Views;
			sourceTree = "<group>";
		};
		E325B3F525F7C7BB0002D43D /* Overview */ = {
			isa = PBXGroup;
			children = (
				E325B3F625F7C7CA0002D43D /* OverviewView.swift */,
			);
			path = Overview;
			sourceTree = "<group>";
		};
		E32EF6A4256CF0D9007138B6 = {
			isa = PBXGroup;
			children = (
				E32EF6AF256CF0D9007138B6 /* Budget */,
				E32EF6C1256CF0DE007138B6 /* BudgetTests */,
				E32EF6CC256CF0DE007138B6 /* BudgetUITests */,
				E32EF6AE256CF0D9007138B6 /* Products */,
				4F9B445AAA609C9F6C1FF605 /* Pods */,
				C32D7BA8B64936E66C95DCF3 /* Frameworks */,
			);
			sourceTree = "<group>";
		};
		E32EF6AE256CF0D9007138B6 /* Products */ = {
			isa = PBXGroup;
			children = (
				E32EF6AD256CF0D9007138B6 /* Budget.app */,
				E32EF6BE256CF0DE007138B6 /* BudgetTests.xctest */,
				E32EF6C9256CF0DE007138B6 /* BudgetUITests.xctest */,
			);
			name = Products;
			sourceTree = "<group>";
		};
		E32EF6AF256CF0D9007138B6 /* Budget */ = {
			isa = PBXGroup;
			children = (
				E32EF707256CF26A007138B6 /* Assets.xcassets */,
				E32EF6DF256CF22A007138B6 /* lib */,
				E32EF6B9256CF0DD007138B6 /* Info.plist */,
				E320472D256CFE1000646F0C /* GoogleService-Info.plist */,
				E32EF6B6256CF0DD007138B6 /* Preview Content */,
			);
			path = Budget;
			sourceTree = "<group>";
		};
		E32EF6B6256CF0DD007138B6 /* Preview Content */ = {
			isa = PBXGroup;
			children = (
				E32EF6B7256CF0DD007138B6 /* Preview Assets.xcassets */,
			);
			path = "Preview Content";
			sourceTree = "<group>";
		};
		E32EF6C1256CF0DE007138B6 /* BudgetTests */ = {
			isa = PBXGroup;
			children = (
				E32EF6C2256CF0DE007138B6 /* ResetTests.swift */,
				E32EF6C4256CF0DE007138B6 /* Info.plist */,
				E384C79C2652ACA80085C9AE /* TransactionTests.swift */,
			);
			path = BudgetTests;
			sourceTree = "<group>";
		};
		E32EF6CC256CF0DE007138B6 /* BudgetUITests */ = {
			isa = PBXGroup;
			children = (
				E32EF6CD256CF0DE007138B6 /* BudgetUITests.swift */,
				E32EF6CF256CF0DE007138B6 /* Info.plist */,
			);
			path = BudgetUITests;
			sourceTree = "<group>";
		};
		E32EF6DF256CF22A007138B6 /* lib */ = {
			isa = PBXGroup;
			children = (
				E32EF6B0256CF0D9007138B6 /* BudgetApp.swift */,
				E32EF6E7256CF22A007138B6 /* ContentView.swift */,
				E325B3F525F7C7BB0002D43D /* Overview */,
				E30DCB9D25F68BEC008E15B1 /* Settings */,
				E3CE4BE125E4183700B15D7D /* Budget */,
				E3CE4BE025E4182600B15D7D /* Authentication */,
				E35B5C5225DC1EB000E7EBAC /* Savings */,
				E32EF6E0256CF22A007138B6 /* Transactions */,
				E32EF6E8256CF22A007138B6 /* Global */,
			);
			path = lib;
			sourceTree = "<group>";
		};
		E32EF6E0256CF22A007138B6 /* Transactions */ = {
			isa = PBXGroup;
			children = (
				E32EF6E1256CF22A007138B6 /* Transaction.swift */,
				E372878D25A4DFFE007AA92F /* TransactionFilter.swift */,
				E32EF6E2256CF22A007138B6 /* Views */,
			);
			path = Transactions;
			sourceTree = "<group>";
		};
		E32EF6E2256CF22A007138B6 /* Views */ = {
			isa = PBXGroup;
			children = (
				E32EF6E4256CF22A007138B6 /* TransactionCardView.swift */,
				E32EF6E5256CF22A007138B6 /* TransactionView.swift */,
				E32EF6E6256CF22A007138B6 /* TransactionListView.swift */,
				E3FE886D25A237DE00CC3856 /* TransactionFilterView.swift */,
			);
			path = Views;
			sourceTree = "<group>";
		};
		E32EF6E8256CF22A007138B6 /* Global */ = {
			isa = PBXGroup;
			children = (
				E32EF6E9256CF22A007138B6 /* ObservableRealmCollection.swift */,
				E32EF6EA256CF22A007138B6 /* Extensions.swift */,
				E397D79C2570E579009222D1 /* TextFieldModifier.swift */,
				E3B75D2525E99ED3009D98A6 /* GeneralLibrary.swift */,
				E32EF6EB256CF22A007138B6 /* Views */,
			);
			path = Global;
			sourceTree = "<group>";
		};
		E32EF6EB256CF22A007138B6 /* Views */ = {
			isa = PBXGroup;
			children = (
				E30420B425E6B8C800ED0C65 /* CustomDatePickerView.swift */,
				E3BEB61425E0253700B36012 /* PickerOptionsView.swift */,
				E3A5BC0B25FFE1030033FE69 /* TagCloudView.swift */,
			);
			path = Views;
			sourceTree = "<group>";
		};
		E35B5C5225DC1EB000E7EBAC /* Savings */ = {
			isa = PBXGroup;
			children = (
				E35B5C5325DC1FAF00E7EBAC /* Fund.swift */,
				E31F918825DD5A8800A9C383 /* Views */,
			);
			path = Savings;
			sourceTree = "<group>";
		};
		E3C1635825E564EE000D2BA5 /* Views */ = {
			isa = PBXGroup;
			children = (
				E32EF6ED256CF22A007138B6 /* BudgetsView.swift */,
				E3C1635925E56503000D2BA5 /* BudgetView.swift */,
				E3D26D7E25E56DB600F560E5 /* BudgetCardView.swift */,
			);
			path = Views;
			sourceTree = "<group>";
		};
		E3CE4BE025E4182600B15D7D /* Authentication */ = {
			isa = PBXGroup;
			children = (
				E397D78F2570E514009222D1 /* LoginView.swift */,
			);
			path = Authentication;
			sourceTree = "<group>";
		};
		E3CE4BE125E4183700B15D7D /* Budget */ = {
			isa = PBXGroup;
			children = (
				E3C1635325E553AD000D2BA5 /* Budget.swift */,
				E3C1635825E564EE000D2BA5 /* Views */,
			);
			path = Budget;
			sourceTree = "<group>";
		};
/* End PBXGroup section */

/* Begin PBXNativeTarget section */
		E32EF6AC256CF0D9007138B6 /* Budget */ = {
			isa = PBXNativeTarget;
			buildConfigurationList = E32EF6D2256CF0DE007138B6 /* Build configuration list for PBXNativeTarget "Budget" */;
			buildPhases = (
				CFD668CC28B8114EA33EEA22 /* [CP] Check Pods Manifest.lock */,
				E32EF6A9256CF0D9007138B6 /* Sources */,
				E32EF6AA256CF0D9007138B6 /* Frameworks */,
				E32EF6AB256CF0D9007138B6 /* Resources */,
			);
			buildRules = (
			);
			dependencies = (
			);
			name = Budget;
			packageProductDependencies = (
				E36FF9E22653F27800E45AED /* Realm */,
				E36FF9E42653F27800E45AED /* RealmSwift */,
			);
			productName = Budget;
			productReference = E32EF6AD256CF0D9007138B6 /* Budget.app */;
			productType = "com.apple.product-type.application";
		};
		E32EF6BD256CF0DE007138B6 /* BudgetTests */ = {
			isa = PBXNativeTarget;
			buildConfigurationList = E32EF6D5256CF0DE007138B6 /* Build configuration list for PBXNativeTarget "BudgetTests" */;
			buildPhases = (
				E32EF6BA256CF0DE007138B6 /* Sources */,
				E32EF6BB256CF0DE007138B6 /* Frameworks */,
				E32EF6BC256CF0DE007138B6 /* Resources */,
			);
			buildRules = (
			);
			dependencies = (
				E32EF6C0256CF0DE007138B6 /* PBXTargetDependency */,
			);
			name = BudgetTests;
			productName = BudgetTests;
			productReference = E32EF6BE256CF0DE007138B6 /* BudgetTests.xctest */;
			productType = "com.apple.product-type.bundle.unit-test";
		};
		E32EF6C8256CF0DE007138B6 /* BudgetUITests */ = {
			isa = PBXNativeTarget;
			buildConfigurationList = E32EF6D8256CF0DE007138B6 /* Build configuration list for PBXNativeTarget "BudgetUITests" */;
			buildPhases = (
				E32EF6C5256CF0DE007138B6 /* Sources */,
				E32EF6C6256CF0DE007138B6 /* Frameworks */,
				E32EF6C7256CF0DE007138B6 /* Resources */,
			);
			buildRules = (
			);
			dependencies = (
				E32EF6CB256CF0DE007138B6 /* PBXTargetDependency */,
			);
			name = BudgetUITests;
			productName = BudgetUITests;
			productReference = E32EF6C9256CF0DE007138B6 /* BudgetUITests.xctest */;
			productType = "com.apple.product-type.bundle.ui-testing";
		};
/* End PBXNativeTarget section */

/* Begin PBXProject section */
		E32EF6A5256CF0D9007138B6 /* Project object */ = {
			isa = PBXProject;
			attributes = {
				LastSwiftUpdateCheck = 1220;
				LastUpgradeCheck = 1220;
				TargetAttributes = {
					E32EF6AC256CF0D9007138B6 = {
						CreatedOnToolsVersion = 12.2;
					};
					E32EF6BD256CF0DE007138B6 = {
						CreatedOnToolsVersion = 12.2;
						TestTargetID = E32EF6AC256CF0D9007138B6;
					};
					E32EF6C8256CF0DE007138B6 = {
						CreatedOnToolsVersion = 12.2;
						TestTargetID = E32EF6AC256CF0D9007138B6;
					};
				};
			};
			buildConfigurationList = E32EF6A8256CF0D9007138B6 /* Build configuration list for PBXProject "Budget" */;
			compatibilityVersion = "Xcode 9.3";
			developmentRegion = en;
			hasScannedForEncodings = 0;
			knownRegions = (
				en,
				Base,
			);
			mainGroup = E32EF6A4256CF0D9007138B6;
			packageReferences = (
				E36FF9E12653F27800E45AED /* XCRemoteSwiftPackageReference "realm-cocoa" */,
			);
			productRefGroup = E32EF6AE256CF0D9007138B6 /* Products */;
			projectDirPath = "";
			projectRoot = "";
			targets = (
				E32EF6AC256CF0D9007138B6 /* Budget */,
				E32EF6BD256CF0DE007138B6 /* BudgetTests */,
				E32EF6C8256CF0DE007138B6 /* BudgetUITests */,
			);
		};
/* End PBXProject section */

/* Begin PBXResourcesBuildPhase section */
		E32EF6AB256CF0D9007138B6 /* Resources */ = {
			isa = PBXResourcesBuildPhase;
			buildActionMask = 2147483647;
			files = (
				E32EF6B8256CF0DD007138B6 /* Preview Assets.xcassets in Resources */,
				E32EF708256CF26A007138B6 /* Assets.xcassets in Resources */,
				E320472E256CFE1000646F0C /* GoogleService-Info.plist in Resources */,
			);
			runOnlyForDeploymentPostprocessing = 0;
		};
		E32EF6BC256CF0DE007138B6 /* Resources */ = {
			isa = PBXResourcesBuildPhase;
			buildActionMask = 2147483647;
			files = (
			);
			runOnlyForDeploymentPostprocessing = 0;
		};
		E32EF6C7256CF0DE007138B6 /* Resources */ = {
			isa = PBXResourcesBuildPhase;
			buildActionMask = 2147483647;
			files = (
			);
			runOnlyForDeploymentPostprocessing = 0;
		};
/* End PBXResourcesBuildPhase section */

/* Begin PBXShellScriptBuildPhase section */
		CFD668CC28B8114EA33EEA22 /* [CP] Check Pods Manifest.lock */ = {
			isa = PBXShellScriptBuildPhase;
			buildActionMask = 2147483647;
			files = (
			);
			inputFileListPaths = (
			);
			inputPaths = (
				"${PODS_PODFILE_DIR_PATH}/Podfile.lock",
				"${PODS_ROOT}/Manifest.lock",
			);
			name = "[CP] Check Pods Manifest.lock";
			outputFileListPaths = (
			);
			outputPaths = (
				"$(DERIVED_FILE_DIR)/Pods-Budget-checkManifestLockResult.txt",
			);
			runOnlyForDeploymentPostprocessing = 0;
			shellPath = /bin/sh;
			shellScript = "diff \"${PODS_PODFILE_DIR_PATH}/Podfile.lock\" \"${PODS_ROOT}/Manifest.lock\" > /dev/null\nif [ $? != 0 ] ; then\n    # print error to STDERR\n    echo \"error: The sandbox is not in sync with the Podfile.lock. Run 'pod install' or update your CocoaPods installation.\" >&2\n    exit 1\nfi\n# This output is used by Xcode 'outputs' to avoid re-running this script phase.\necho \"SUCCESS\" > \"${SCRIPT_OUTPUT_FILE_0}\"\n";
			showEnvVarsInLog = 0;
		};
/* End PBXShellScriptBuildPhase section */

/* Begin PBXSourcesBuildPhase section */
		E32EF6A9256CF0D9007138B6 /* Sources */ = {
			isa = PBXSourcesBuildPhase;
			buildActionMask = 2147483647;
			files = (
				E32EF6B1256CF0D9007138B6 /* BudgetApp.swift in Sources */,
				E35B5C5425DC1FAF00E7EBAC /* Fund.swift in Sources */,
				E32EF6F7256CF22A007138B6 /* ContentView.swift in Sources */,
				E383AF0825DEFAD70051C78F /* AddFundView.swift in Sources */,
				E31F918A25DD5AC500A9C383 /* FundViewAction.swift in Sources */,
				E3D26D7F25E56DB600F560E5 /* BudgetCardView.swift in Sources */,
				E3B75D2625E99ED3009D98A6 /* GeneralLibrary.swift in Sources */,
				E32EF6F2256CF22A007138B6 /* Transaction.swift in Sources */,
				E397D79D2570E579009222D1 /* TextFieldModifier.swift in Sources */,
				E32EF6F8256CF22A007138B6 /* ObservableRealmCollection.swift in Sources */,
				E32EF6F9256CF22A007138B6 /* Extensions.swift in Sources */,
				E31D496E25DD3C7A00A51358 /* FundCardView.swift in Sources */,
				E32EF6F5256CF22A007138B6 /* TransactionView.swift in Sources */,
				E31D496925DD3BAF00A51358 /* SavingsView.swift in Sources */,
				E32EF6F4256CF22A007138B6 /* TransactionCardView.swift in Sources */,
				E32EF6F6256CF22A007138B6 /* TransactionListView.swift in Sources */,
				E3C1635A25E56503000D2BA5 /* BudgetView.swift in Sources */,
				E32EF6FB256CF22A007138B6 /* BudgetsView.swift in Sources */,
				E397D7902570E514009222D1 /* LoginView.swift in Sources */,
				E30420B525E6B8C800ED0C65 /* CustomDatePickerView.swift in Sources */,
				E3FE886E25A237DF00CC3856 /* TransactionFilterView.swift in Sources */,
				E372878E25A4DFFE007AA92F /* TransactionFilter.swift in Sources */,
				E3A5BC0C25FFE1040033FE69 /* TagCloudView.swift in Sources */,
				E3BEB61D25E0F94B00B36012 /* EditFundView.swift in Sources */,
				E32EF6FA256CF22A007138B6 /* SettingsView.swift in Sources */,
				E3C1635425E553AD000D2BA5 /* Budget.swift in Sources */,
				E3BEB61525E0253700B36012 /* PickerOptionsView.swift in Sources */,
				E325B3F725F7C7CA0002D43D /* OverviewView.swift in Sources */,
			);
			runOnlyForDeploymentPostprocessing = 0;
		};
		E32EF6BA256CF0DE007138B6 /* Sources */ = {
			isa = PBXSourcesBuildPhase;
			buildActionMask = 2147483647;
			files = (
				E384C79D2652ACA80085C9AE /* TransactionTests.swift in Sources */,
				E32EF6C3256CF0DE007138B6 /* ResetTests.swift in Sources */,
			);
			runOnlyForDeploymentPostprocessing = 0;
		};
		E32EF6C5256CF0DE007138B6 /* Sources */ = {
			isa = PBXSourcesBuildPhase;
			buildActionMask = 2147483647;
			files = (
				E32EF6CE256CF0DE007138B6 /* BudgetUITests.swift in Sources */,
			);
			runOnlyForDeploymentPostprocessing = 0;
		};
/* End PBXSourcesBuildPhase section */

/* Begin PBXTargetDependency section */
		E32EF6C0256CF0DE007138B6 /* PBXTargetDependency */ = {
			isa = PBXTargetDependency;
			target = E32EF6AC256CF0D9007138B6 /* Budget */;
			targetProxy = E32EF6BF256CF0DE007138B6 /* PBXContainerItemProxy */;
		};
		E32EF6CB256CF0DE007138B6 /* PBXTargetDependency */ = {
			isa = PBXTargetDependency;
			target = E32EF6AC256CF0D9007138B6 /* Budget */;
			targetProxy = E32EF6CA256CF0DE007138B6 /* PBXContainerItemProxy */;
		};
/* End PBXTargetDependency section */

/* Begin XCBuildConfiguration section */
		E32EF6D0256CF0DE007138B6 /* Debug */ = {
			isa = XCBuildConfiguration;
			buildSettings = {
				ALWAYS_SEARCH_USER_PATHS = NO;
				CLANG_ANALYZER_NONNULL = YES;
				CLANG_ANALYZER_NUMBER_OBJECT_CONVERSION = YES_AGGRESSIVE;
				CLANG_CXX_LANGUAGE_STANDARD = "gnu++14";
				CLANG_CXX_LIBRARY = "libc++";
				CLANG_ENABLE_MODULES = YES;
				CLANG_ENABLE_OBJC_ARC = YES;
				CLANG_ENABLE_OBJC_WEAK = YES;
				CLANG_WARN_BLOCK_CAPTURE_AUTORELEASING = YES;
				CLANG_WARN_BOOL_CONVERSION = YES;
				CLANG_WARN_COMMA = YES;
				CLANG_WARN_CONSTANT_CONVERSION = YES;
				CLANG_WARN_DEPRECATED_OBJC_IMPLEMENTATIONS = YES;
				CLANG_WARN_DIRECT_OBJC_ISA_USAGE = YES_ERROR;
				CLANG_WARN_DOCUMENTATION_COMMENTS = YES;
				CLANG_WARN_EMPTY_BODY = YES;
				CLANG_WARN_ENUM_CONVERSION = YES;
				CLANG_WARN_INFINITE_RECURSION = YES;
				CLANG_WARN_INT_CONVERSION = YES;
				CLANG_WARN_NON_LITERAL_NULL_CONVERSION = YES;
				CLANG_WARN_OBJC_IMPLICIT_RETAIN_SELF = YES;
				CLANG_WARN_OBJC_LITERAL_CONVERSION = YES;
				CLANG_WARN_OBJC_ROOT_CLASS = YES_ERROR;
				CLANG_WARN_QUOTED_INCLUDE_IN_FRAMEWORK_HEADER = YES;
				CLANG_WARN_RANGE_LOOP_ANALYSIS = YES;
				CLANG_WARN_STRICT_PROTOTYPES = YES;
				CLANG_WARN_SUSPICIOUS_MOVE = YES;
				CLANG_WARN_UNGUARDED_AVAILABILITY = YES_AGGRESSIVE;
				CLANG_WARN_UNREACHABLE_CODE = YES;
				CLANG_WARN__DUPLICATE_METHOD_MATCH = YES;
				COPY_PHASE_STRIP = NO;
				DEBUG_INFORMATION_FORMAT = dwarf;
				ENABLE_STRICT_OBJC_MSGSEND = YES;
				ENABLE_TESTABILITY = YES;
				GCC_C_LANGUAGE_STANDARD = gnu11;
				GCC_DYNAMIC_NO_PIC = NO;
				GCC_NO_COMMON_BLOCKS = YES;
				GCC_OPTIMIZATION_LEVEL = 0;
				GCC_PREPROCESSOR_DEFINITIONS = (
					"DEBUG=1",
					"$(inherited)",
				);
				GCC_WARN_64_TO_32_BIT_CONVERSION = YES;
				GCC_WARN_ABOUT_RETURN_TYPE = YES_ERROR;
				GCC_WARN_UNDECLARED_SELECTOR = YES;
				GCC_WARN_UNINITIALIZED_AUTOS = YES_AGGRESSIVE;
				GCC_WARN_UNUSED_FUNCTION = YES;
				GCC_WARN_UNUSED_VARIABLE = YES;
				IPHONEOS_DEPLOYMENT_TARGET = 14.2;
				MTL_ENABLE_DEBUG_INFO = INCLUDE_SOURCE;
				MTL_FAST_MATH = YES;
				ONLY_ACTIVE_ARCH = YES;
				SDKROOT = iphoneos;
				SWIFT_ACTIVE_COMPILATION_CONDITIONS = DEBUG;
				SWIFT_OPTIMIZATION_LEVEL = "-Onone";
			};
			name = Debug;
		};
		E32EF6D1256CF0DE007138B6 /* Release */ = {
			isa = XCBuildConfiguration;
			buildSettings = {
				ALWAYS_SEARCH_USER_PATHS = NO;
				CLANG_ANALYZER_NONNULL = YES;
				CLANG_ANALYZER_NUMBER_OBJECT_CONVERSION = YES_AGGRESSIVE;
				CLANG_CXX_LANGUAGE_STANDARD = "gnu++14";
				CLANG_CXX_LIBRARY = "libc++";
				CLANG_ENABLE_MODULES = YES;
				CLANG_ENABLE_OBJC_ARC = YES;
				CLANG_ENABLE_OBJC_WEAK = YES;
				CLANG_WARN_BLOCK_CAPTURE_AUTORELEASING = YES;
				CLANG_WARN_BOOL_CONVERSION = YES;
				CLANG_WARN_COMMA = YES;
				CLANG_WARN_CONSTANT_CONVERSION = YES;
				CLANG_WARN_DEPRECATED_OBJC_IMPLEMENTATIONS = YES;
				CLANG_WARN_DIRECT_OBJC_ISA_USAGE = YES_ERROR;
				CLANG_WARN_DOCUMENTATION_COMMENTS = YES;
				CLANG_WARN_EMPTY_BODY = YES;
				CLANG_WARN_ENUM_CONVERSION = YES;
				CLANG_WARN_INFINITE_RECURSION = YES;
				CLANG_WARN_INT_CONVERSION = YES;
				CLANG_WARN_NON_LITERAL_NULL_CONVERSION = YES;
				CLANG_WARN_OBJC_IMPLICIT_RETAIN_SELF = YES;
				CLANG_WARN_OBJC_LITERAL_CONVERSION = YES;
				CLANG_WARN_OBJC_ROOT_CLASS = YES_ERROR;
				CLANG_WARN_QUOTED_INCLUDE_IN_FRAMEWORK_HEADER = YES;
				CLANG_WARN_RANGE_LOOP_ANALYSIS = YES;
				CLANG_WARN_STRICT_PROTOTYPES = YES;
				CLANG_WARN_SUSPICIOUS_MOVE = YES;
				CLANG_WARN_UNGUARDED_AVAILABILITY = YES_AGGRESSIVE;
				CLANG_WARN_UNREACHABLE_CODE = YES;
				CLANG_WARN__DUPLICATE_METHOD_MATCH = YES;
				COPY_PHASE_STRIP = NO;
				DEBUG_INFORMATION_FORMAT = "dwarf-with-dsym";
				ENABLE_NS_ASSERTIONS = NO;
				ENABLE_STRICT_OBJC_MSGSEND = YES;
				GCC_C_LANGUAGE_STANDARD = gnu11;
				GCC_NO_COMMON_BLOCKS = YES;
				GCC_WARN_64_TO_32_BIT_CONVERSION = YES;
				GCC_WARN_ABOUT_RETURN_TYPE = YES_ERROR;
				GCC_WARN_UNDECLARED_SELECTOR = YES;
				GCC_WARN_UNINITIALIZED_AUTOS = YES_AGGRESSIVE;
				GCC_WARN_UNUSED_FUNCTION = YES;
				GCC_WARN_UNUSED_VARIABLE = YES;
				IPHONEOS_DEPLOYMENT_TARGET = 14.2;
				MTL_ENABLE_DEBUG_INFO = NO;
				MTL_FAST_MATH = YES;
				SDKROOT = iphoneos;
				SWIFT_COMPILATION_MODE = wholemodule;
				SWIFT_OPTIMIZATION_LEVEL = "-O";
				VALIDATE_PRODUCT = YES;
			};
			name = Release;
		};
		E32EF6D3256CF0DE007138B6 /* Debug */ = {
			isa = XCBuildConfiguration;
			baseConfigurationReference = 566E698332B29FD00777A59A /* Pods-Budget.debug.xcconfig */;
			buildSettings = {
				ASSETCATALOG_COMPILER_APPICON_NAME = AppIcon;
				ASSETCATALOG_COMPILER_GLOBAL_ACCENT_COLOR_NAME = AccentColor;
				CODE_SIGN_IDENTITY = "iPhone Developer";
				CODE_SIGN_STYLE = Manual;
				DEVELOPMENT_ASSET_PATHS = "\"Budget/Preview Content\"";
				DEVELOPMENT_TEAM = B436S7J3T5;
				ENABLE_PREVIEWS = YES;
				INFOPLIST_FILE = Budget/Info.plist;
				IPHONEOS_DEPLOYMENT_TARGET = 14.0;
				LD_RUNPATH_SEARCH_PATHS = (
					"$(inherited)",
					"@executable_path/Frameworks",
				);
				MARKETING_VERSION = 0.1;
				OTHER_LDFLAGS = "-ObjC";
				PRODUCT_BUNDLE_IDENTIFIER = com.eliseyozerov.Budget;
				PRODUCT_NAME = "$(TARGET_NAME)";
				PROVISIONING_PROFILE_SPECIFIER = Budget_Development;
				SWIFT_VERSION = 5.0;
				TARGETED_DEVICE_FAMILY = "1,2";
			};
			name = Debug;
		};
		E32EF6D4256CF0DE007138B6 /* Release */ = {
			isa = XCBuildConfiguration;
			baseConfigurationReference = C11F18C48C8D3C841259FE5F /* Pods-Budget.release.xcconfig */;
			buildSettings = {
				ASSETCATALOG_COMPILER_APPICON_NAME = AppIcon;
				ASSETCATALOG_COMPILER_GLOBAL_ACCENT_COLOR_NAME = AccentColor;
				CODE_SIGN_IDENTITY = "iPhone Distribution";
				CODE_SIGN_STYLE = Manual;
				DEVELOPMENT_ASSET_PATHS = "\"Budget/Preview Content\"";
				DEVELOPMENT_TEAM = B436S7J3T5;
				ENABLE_PREVIEWS = YES;
				INFOPLIST_FILE = Budget/Info.plist;
				IPHONEOS_DEPLOYMENT_TARGET = 14.0;
				LD_RUNPATH_SEARCH_PATHS = (
					"$(inherited)",
					"@executable_path/Frameworks",
				);
				MARKETING_VERSION = 0.1;
				OTHER_LDFLAGS = "-ObjC";
				PRODUCT_BUNDLE_IDENTIFIER = com.eliseyozerov.Budget;
				PRODUCT_NAME = "$(TARGET_NAME)";
				PROVISIONING_PROFILE_SPECIFIER = Budget_Distribution;
				SWIFT_VERSION = 5.0;
				TARGETED_DEVICE_FAMILY = "1,2";
			};
			name = Release;
		};
		E32EF6D6256CF0DE007138B6 /* Debug */ = {
			isa = XCBuildConfiguration;
			buildSettings = {
				ALWAYS_EMBED_SWIFT_STANDARD_LIBRARIES = YES;
				BUNDLE_LOADER = "$(TEST_HOST)";
				CODE_SIGN_STYLE = Automatic;
				DEVELOPMENT_TEAM = B436S7J3T5;
				INFOPLIST_FILE = BudgetTests/Info.plist;
				IPHONEOS_DEPLOYMENT_TARGET = 14.0;
				LD_RUNPATH_SEARCH_PATHS = (
					"$(inherited)",
					"@executable_path/Frameworks",
					"@loader_path/Frameworks",
				);
				PRODUCT_BUNDLE_IDENTIFIER = com.eliseyozerov.BudgetTests;
				PRODUCT_NAME = "$(TARGET_NAME)";
				SWIFT_VERSION = 5.0;
				TARGETED_DEVICE_FAMILY = "1,2";
				TEST_HOST = "$(BUILT_PRODUCTS_DIR)/Budget.app/Budget";
			};
			name = Debug;
		};
		E32EF6D7256CF0DE007138B6 /* Release */ = {
			isa = XCBuildConfiguration;
			buildSettings = {
				ALWAYS_EMBED_SWIFT_STANDARD_LIBRARIES = YES;
				BUNDLE_LOADER = "$(TEST_HOST)";
				CODE_SIGN_STYLE = Automatic;
				DEVELOPMENT_TEAM = B436S7J3T5;
				INFOPLIST_FILE = BudgetTests/Info.plist;
				IPHONEOS_DEPLOYMENT_TARGET = 14.0;
				LD_RUNPATH_SEARCH_PATHS = (
					"$(inherited)",
					"@executable_path/Frameworks",
					"@loader_path/Frameworks",
				);
				PRODUCT_BUNDLE_IDENTIFIER = com.eliseyozerov.BudgetTests;
				PRODUCT_NAME = "$(TARGET_NAME)";
				SWIFT_VERSION = 5.0;
				TARGETED_DEVICE_FAMILY = "1,2";
				TEST_HOST = "$(BUILT_PRODUCTS_DIR)/Budget.app/Budget";
			};
			name = Release;
		};
		E32EF6D9256CF0DE007138B6 /* Debug */ = {
			isa = XCBuildConfiguration;
			buildSettings = {
				ALWAYS_EMBED_SWIFT_STANDARD_LIBRARIES = YES;
				CODE_SIGN_STYLE = Automatic;
				DEVELOPMENT_TEAM = B436S7J3T5;
				INFOPLIST_FILE = BudgetUITests/Info.plist;
				LD_RUNPATH_SEARCH_PATHS = (
					"$(inherited)",
					"@executable_path/Frameworks",
					"@loader_path/Frameworks",
				);
				PRODUCT_BUNDLE_IDENTIFIER = com.eliseyozerov.BudgetUITests;
				PRODUCT_NAME = "$(TARGET_NAME)";
				SWIFT_VERSION = 5.0;
				TARGETED_DEVICE_FAMILY = "1,2";
				TEST_TARGET_NAME = Budget;
			};
			name = Debug;
		};
		E32EF6DA256CF0DE007138B6 /* Release */ = {
			isa = XCBuildConfiguration;
			buildSettings = {
				ALWAYS_EMBED_SWIFT_STANDARD_LIBRARIES = YES;
				CODE_SIGN_STYLE = Automatic;
				DEVELOPMENT_TEAM = B436S7J3T5;
				INFOPLIST_FILE = BudgetUITests/Info.plist;
				LD_RUNPATH_SEARCH_PATHS = (
					"$(inherited)",
					"@executable_path/Frameworks",
					"@loader_path/Frameworks",
				);
				PRODUCT_BUNDLE_IDENTIFIER = com.eliseyozerov.BudgetUITests;
				PRODUCT_NAME = "$(TARGET_NAME)";
				SWIFT_VERSION = 5.0;
				TARGETED_DEVICE_FAMILY = "1,2";
				TEST_TARGET_NAME = Budget;
			};
			name = Release;
		};
/* End XCBuildConfiguration section */

/* Begin XCConfigurationList section */
		E32EF6A8256CF0D9007138B6 /* Build configuration list for PBXProject "Budget" */ = {
			isa = XCConfigurationList;
			buildConfigurations = (
				E32EF6D0256CF0DE007138B6 /* Debug */,
				E32EF6D1256CF0DE007138B6 /* Release */,
			);
			defaultConfigurationIsVisible = 0;
			defaultConfigurationName = Release;
		};
		E32EF6D2256CF0DE007138B6 /* Build configuration list for PBXNativeTarget "Budget" */ = {
			isa = XCConfigurationList;
			buildConfigurations = (
				E32EF6D3256CF0DE007138B6 /* Debug */,
				E32EF6D4256CF0DE007138B6 /* Release */,
			);
			defaultConfigurationIsVisible = 0;
			defaultConfigurationName = Release;
		};
		E32EF6D5256CF0DE007138B6 /* Build configuration list for PBXNativeTarget "BudgetTests" */ = {
			isa = XCConfigurationList;
			buildConfigurations = (
				E32EF6D6256CF0DE007138B6 /* Debug */,
				E32EF6D7256CF0DE007138B6 /* Release */,
			);
			defaultConfigurationIsVisible = 0;
			defaultConfigurationName = Release;
		};
		E32EF6D8256CF0DE007138B6 /* Build configuration list for PBXNativeTarget "BudgetUITests" */ = {
			isa = XCConfigurationList;
			buildConfigurations = (
				E32EF6D9256CF0DE007138B6 /* Debug */,
				E32EF6DA256CF0DE007138B6 /* Release */,
			);
			defaultConfigurationIsVisible = 0;
			defaultConfigurationName = Release;
		};
/* End XCConfigurationList section */

/* Begin XCRemoteSwiftPackageReference section */
		E36FF9E12653F27800E45AED /* XCRemoteSwiftPackageReference "realm-cocoa" */ = {
			isa = XCRemoteSwiftPackageReference;
			repositoryURL = "https://github.com/realm/realm-cocoa.git";
			requirement = {
				kind = upToNextMajorVersion;
				minimumVersion = 10.7.6;
			};
		};
/* End XCRemoteSwiftPackageReference section */

/* Begin XCSwiftPackageProductDependency section */
		E36FF9E22653F27800E45AED /* Realm */ = {
			isa = XCSwiftPackageProductDependency;
			package = E36FF9E12653F27800E45AED /* XCRemoteSwiftPackageReference "realm-cocoa" */;
			productName = Realm;
		};
		E36FF9E42653F27800E45AED /* RealmSwift */ = {
			isa = XCSwiftPackageProductDependency;
			package = E36FF9E12653F27800E45AED /* XCRemoteSwiftPackageReference "realm-cocoa" */;
			productName = RealmSwift;
		};
/* End XCSwiftPackageProductDependency section */
	};
	rootObject = E32EF6A5256CF0D9007138B6 /* Project object */;
}
